
Microsoft Visual Studio Solution File, Format Version 12.00
# Visual Studio 15
VisualStudioVersion = 15.0.26403.3
MinimumVisualStudioVersion = 10.0.40219.1
Project("{FAE04EC0-301F-11D3-BF4B-00C04F79EFBC}") = "LanguageFeatures", "LanguageFeatures\LanguageFeatures.csproj", "{66040879-2C90-4E02-A07F-824CCFCADD3E}"
EndProject
Project("{FAE04EC0-301F-11D3-BF4B-00C04F79EFBC}") = "PartyInvites", "..\Lab\PartyInvites\PartyInvites.csproj", "{7E792BFF-6196-4F03-87B7-F84EDE2C6931}"
EndProject
Project("{FAE04EC0-301F-11D3-BF4B-00C04F79EFBC}") = "Razor", "Razor\Razor.csproj", "{58B43B8C-F613-4AA5-8A77-98A800578267}"
EndProject
Project("{FAE04EC0-301F-11D3-BF4B-00C04F79EFBC}") = "EssentialTools", "EssentialTools\EssentialTools.csproj", "{6605F0AA-CBB9-4E5D-A053-60EE3FD045A3}"
EndProject
Project("{FAE04EC0-301F-11D3-BF4B-00C04F79EFBC}") = "SportsStore.Domain", "SportsStore.Domain\SportsStore.Domain.csproj", "{AD8BE8A8-F53D-434B-BCDA-6D1F0669B800}"
EndProject
Project("{FAE04EC0-301F-11D3-BF4B-00C04F79EFBC}") = "SportsStore.UnitTests", "SportsStore.UnitTests\SportsStore.UnitTests.csproj", "{B5074B5F-260D-461A-947C-CE0E14D8B3F3}"
EndProject
Project("{FAE04EC0-301F-11D3-BF4B-00C04F79EFBC}") = "SportsStore.WebUI", "SportsStore.WebUI\SportsStore.WebUI.csproj", "{60C0A10C-9CDD-48C8-9C39-E619D2653079}"
EndProject
Project("{FAE04EC0-301F-11D3-BF4B-00C04F79EFBC}") = "UrlsAndRoutes", "UrlsAndRoutes\UrlsAndRoutes.csproj", "{FD2BDAD8-1914-4278-A6D4-733D64CCB77D}"
EndProject
Project("{FAE04EC0-301F-11D3-BF4B-00C04F79EFBC}") = "UrlsAndRoutes.Tests", "UrlsAndRoutes.Tests\UrlsAndRoutes.Tests.csproj", "{27523E65-8999-44FC-8777-862A1084E0D6}"
EndProject
Project("{FAE04EC0-301F-11D3-BF4B-00C04F79EFBC}") = "ControllersAndActions", "ControllersAndActions\ControllersAndActions.csproj", "{007F4481-D171-45D8-9F44-2CB5584A16B6}"
EndProject
Project("{FAE04EC0-301F-11D3-BF4B-00C04F79EFBC}") = "ControllersAndActions.Tests", "ControllersAndActions.Tests\ControllersAndActions.Tests.csproj", "{3C486608-0E84-4D27-90B3-A4867399D9E2}"
EndProject
Project("{FAE04EC0-301F-11D3-BF4B-00C04F79EFBC}") = "Views", "Views\Views.csproj", "{F99363A1-BC8B-4136-BCC5-87931F1D8899}"
EndProject
Global
	GlobalSection(SolutionConfigurationPlatforms) = preSolution
		Debug|Any CPU = Debug|Any CPU
		Release|Any CPU = Release|Any CPU
	EndGlobalSection
	GlobalSection(ProjectConfigurationPlatforms) = postSolution
		{66040879-2C90-4E02-A07F-824CCFCADD3E}.Debug|Any CPU.ActiveCfg = Debug|Any CPU
		{66040879-2C90-4E02-A07F-824CCFCADD3E}.Debug|Any CPU.Build.0 = Debug|Any CPU
		{66040879-2C90-4E02-A07F-824CCFCADD3E}.Release|Any CPU.ActiveCfg = Release|Any CPU
		{66040879-2C90-4E02-A07F-824CCFCADD3E}.Release|Any CPU.Build.0 = Release|Any CPU
		{7E792BFF-6196-4F03-87B7-F84EDE2C6931}.Debug|Any CPU.ActiveCfg = Debug|Any CPU
		{7E792BFF-6196-4F03-87B7-F84EDE2C6931}.Debug|Any CPU.Build.0 = Debug|Any CPU
		{7E792BFF-6196-4F03-87B7-F84EDE2C6931}.Release|Any CPU.ActiveCfg = Release|Any CPU
		{7E792BFF-6196-4F03-87B7-F84EDE2C6931}.Release|Any CPU.Build.0 = Release|Any CPU
		{58B43B8C-F613-4AA5-8A77-98A800578267}.Debug|Any CPU.ActiveCfg = Debug|Any CPU
		{58B43B8C-F613-4AA5-8A77-98A800578267}.Debug|Any CPU.Build.0 = Debug|Any CPU
		{58B43B8C-F613-4AA5-8A77-98A800578267}.Release|Any CPU.ActiveCfg = Release|Any CPU
		{58B43B8C-F613-4AA5-8A77-98A800578267}.Release|Any CPU.Build.0 = Release|Any CPU
		{6605F0AA-CBB9-4E5D-A053-60EE3FD045A3}.Debug|Any CPU.ActiveCfg = Debug|Any CPU
		{6605F0AA-CBB9-4E5D-A053-60EE3FD045A3}.Debug|Any CPU.Build.0 = Debug|Any CPU
		{6605F0AA-CBB9-4E5D-A053-60EE3FD045A3}.Release|Any CPU.ActiveCfg = Release|Any CPU
		{6605F0AA-CBB9-4E5D-A053-60EE3FD045A3}.Release|Any CPU.Build.0 = Release|Any CPU
		{AD8BE8A8-F53D-434B-BCDA-6D1F0669B800}.Debug|Any CPU.ActiveCfg = Debug|Any CPU
		{AD8BE8A8-F53D-434B-BCDA-6D1F0669B800}.Debug|Any CPU.Build.0 = Debug|Any CPU
		{AD8BE8A8-F53D-434B-BCDA-6D1F0669B800}.Release|Any CPU.ActiveCfg = Release|Any CPU
		{AD8BE8A8-F53D-434B-BCDA-6D1F0669B800}.Release|Any CPU.Build.0 = Release|Any CPU
		{B5074B5F-260D-461A-947C-CE0E14D8B3F3}.Debug|Any CPU.ActiveCfg = Debug|Any CPU
		{B5074B5F-260D-461A-947C-CE0E14D8B3F3}.Debug|Any CPU.Build.0 = Debug|Any CPU
		{B5074B5F-260D-461A-947C-CE0E14D8B3F3}.Release|Any CPU.ActiveCfg = Release|Any CPU
		{B5074B5F-260D-461A-947C-CE0E14D8B3F3}.Release|Any CPU.Build.0 = Release|Any CPU
		{60C0A10C-9CDD-48C8-9C39-E619D2653079}.Debug|Any CPU.ActiveCfg = Debug|Any CPU
		{60C0A10C-9CDD-48C8-9C39-E619D2653079}.Debug|Any CPU.Build.0 = Debug|Any CPU
		{60C0A10C-9CDD-48C8-9C39-E619D2653079}.Release|Any CPU.ActiveCfg = Release|Any CPU
		{60C0A10C-9CDD-48C8-9C39-E619D2653079}.Release|Any CPU.Build.0 = Release|Any CPU
		{FD2BDAD8-1914-4278-A6D4-733D64CCB77D}.Debug|Any CPU.ActiveCfg = Debug|Any CPU
		{FD2BDAD8-1914-4278-A6D4-733D64CCB77D}.Debug|Any CPU.Build.0 = Debug|Any CPU
		{FD2BDAD8-1914-4278-A6D4-733D64CCB77D}.Release|Any CPU.ActiveCfg = Release|Any CPU
		{FD2BDAD8-1914-4278-A6D4-733D64CCB77D}.Release|Any CPU.Build.0 = Release|Any CPU
		{27523E65-8999-44FC-8777-862A1084E0D6}.Debug|Any CPU.ActiveCfg = Debug|Any CPU
		{27523E65-8999-44FC-8777-862A1084E0D6}.Debug|Any CPU.Build.0 = Debug|Any CPU
		{27523E65-8999-44FC-8777-862A1084E0D6}.Release|Any CPU.ActiveCfg = Release|Any CPU
		{27523E65-8999-44FC-8777-862A1084E0D6}.Release|Any CPU.Build.0 = Release|Any CPU
		{007F4481-D171-45D8-9F44-2CB5584A16B6}.Debug|Any CPU.ActiveCfg = Debug|Any CPU
		{007F4481-D171-45D8-9F44-2CB5584A16B6}.Debug|Any CPU.Build.0 = Debug|Any CPU
		{007F4481-D171-45D8-9F44-2CB5584A16B6}.Release|Any CPU.ActiveCfg = Release|Any CPU
		{007F4481-D171-45D8-9F44-2CB5584A16B6}.Release|Any CPU.Build.0 = Release|Any CPU
		{3C486608-0E84-4D27-90B3-A4867399D9E2}.Debug|Any CPU.ActiveCfg = Debug|Any CPU
		{3C486608-0E84-4D27-90B3-A4867399D9E2}.Debug|Any CPU.Build.0 = Debug|Any CPU
		{3C486608-0E84-4D27-90B3-A4867399D9E2}.Release|Any CPU.ActiveCfg = Release|Any CPU
		{3C486608-0E84-4D27-90B3-A4867399D9E2}.Release|Any CPU.Build.0 = Release|Any CPU
		{F99363A1-BC8B-4136-BCC5-87931F1D8899}.Debug|Any CPU.ActiveCfg = Debug|Any CPU
		{F99363A1-BC8B-4136-BCC5-87931F1D8899}.Debug|Any CPU.Build.0 = Debug|Any CPU
		{F99363A1-BC8B-4136-BCC5-87931F1D8899}.Release|Any CPU.ActiveCfg = Release|Any CPU
		{F99363A1-BC8B-4136-BCC5-87931F1D8899}.Release|Any CPU.Build.0 = Release|Any CPU
	EndGlobalSection
	GlobalSection(SolutionProperties) = preSolution
		HideSolutionNode = FALSE
	EndGlobalSection
EndGlobal
